// !$*UTF8*$!
{
	archiveVersion = 1;
	classes = {
	};
	objectVersion = 55;
	objects = {

/* Begin PBXBuildFile section */
		400735D6275C245C00770F18 /* SignInViewController.swift in Sources */ = {isa = PBXBuildFile; fileRef = 400735D5275C245C00770F18 /* SignInViewController.swift */; };
		400735D8275C246500770F18 /* SignInViewModel.swift in Sources */ = {isa = PBXBuildFile; fileRef = 400735D7275C246500770F18 /* SignInViewModel.swift */; };
		400735DC275C2EB200770F18 /* Colors.swift in Sources */ = {isa = PBXBuildFile; fileRef = 400735DB275C2EB200770F18 /* Colors.swift */; };
		400735DE275C388600770F18 /* keyboardHeightObservable.swift in Sources */ = {isa = PBXBuildFile; fileRef = 400735DD275C388600770F18 /* keyboardHeightObservable.swift */; };
		401D53CA275B1122006B5458 /* MainViewModel.swift in Sources */ = {isa = PBXBuildFile; fileRef = 401D53C9275B1122006B5458 /* MainViewModel.swift */; };
		40C052722758466500C1930A /* AppDelegate.swift in Sources */ = {isa = PBXBuildFile; fileRef = 40C052712758466500C1930A /* AppDelegate.swift */; };
		40C052742758466500C1930A /* SceneDelegate.swift in Sources */ = {isa = PBXBuildFile; fileRef = 40C052732758466500C1930A /* SceneDelegate.swift */; };
		40C052762758466500C1930A /* MainViewController.swift in Sources */ = {isa = PBXBuildFile; fileRef = 40C052752758466500C1930A /* MainViewController.swift */; };
		40C052792758466500C1930A /* Main.storyboard in Resources */ = {isa = PBXBuildFile; fileRef = 40C052772758466500C1930A /* Main.storyboard */; };
		40C0527B2758466700C1930A /* Assets.xcassets in Resources */ = {isa = PBXBuildFile; fileRef = 40C0527A2758466700C1930A /* Assets.xcassets */; };
		40C0527E2758466700C1930A /* LaunchScreen.storyboard in Resources */ = {isa = PBXBuildFile; fileRef = 40C0527C2758466700C1930A /* LaunchScreen.storyboard */; };
		840F5D6C48678BB8D5C4E3F5 /* Pods_TestSnapKitAndRxSwift.framework in Frameworks */ = {isa = PBXBuildFile; fileRef = F97BD72CD56578A42089D680 /* Pods_TestSnapKitAndRxSwift.framework */; };
/* End PBXBuildFile section */

/* Begin PBXFileReference section */
		048A7E0858642FF674D72F45 /* Pods-TestSnapKitAndRxSwift.release.xcconfig */ = {isa = PBXFileReference; includeInIndex = 1; lastKnownFileType = text.xcconfig; name = "Pods-TestSnapKitAndRxSwift.release.xcconfig"; path = "Target Support Files/Pods-TestSnapKitAndRxSwift/Pods-TestSnapKitAndRxSwift.release.xcconfig"; sourceTree = "<group>"; };
		400735D5275C245C00770F18 /* SignInViewController.swift */ = {isa = PBXFileReference; lastKnownFileType = sourcecode.swift; path = SignInViewController.swift; sourceTree = "<group>"; };
		400735D7275C246500770F18 /* SignInViewModel.swift */ = {isa = PBXFileReference; lastKnownFileType = sourcecode.swift; path = SignInViewModel.swift; sourceTree = "<group>"; };
		400735DB275C2EB200770F18 /* Colors.swift */ = {isa = PBXFileReference; lastKnownFileType = sourcecode.swift; path = Colors.swift; sourceTree = "<group>"; };
		400735DD275C388600770F18 /* keyboardHeightObservable.swift */ = {isa = PBXFileReference; lastKnownFileType = sourcecode.swift; path = keyboardHeightObservable.swift; sourceTree = "<group>"; };
		401D53C9275B1122006B5458 /* MainViewModel.swift */ = {isa = PBXFileReference; lastKnownFileType = sourcecode.swift; path = MainViewModel.swift; sourceTree = "<group>"; };
		40C0526E2758466500C1930A /* TestSnapKitAndRxSwift.app */ = {isa = PBXFileReference; explicitFileType = wrapper.application; includeInIndex = 0; path = TestSnapKitAndRxSwift.app; sourceTree = BUILT_PRODUCTS_DIR; };
		40C052712758466500C1930A /* AppDelegate.swift */ = {isa = PBXFileReference; lastKnownFileType = sourcecode.swift; path = AppDelegate.swift; sourceTree = "<group>"; };
		40C052732758466500C1930A /* SceneDelegate.swift */ = {isa = PBXFileReference; lastKnownFileType = sourcecode.swift; path = SceneDelegate.swift; sourceTree = "<group>"; };
		40C052752758466500C1930A /* MainViewController.swift */ = {isa = PBXFileReference; lastKnownFileType = sourcecode.swift; path = MainViewController.swift; sourceTree = "<group>"; };
		40C052782758466500C1930A /* Base */ = {isa = PBXFileReference; lastKnownFileType = file.storyboard; name = Base; path = Base.lproj/Main.storyboard; sourceTree = "<group>"; };
		40C0527A2758466700C1930A /* Assets.xcassets */ = {isa = PBXFileReference; lastKnownFileType = folder.assetcatalog; path = Assets.xcassets; sourceTree = "<group>"; };
		40C0527D2758466700C1930A /* Base */ = {isa = PBXFileReference; lastKnownFileType = file.storyboard; name = Base; path = Base.lproj/LaunchScreen.storyboard; sourceTree = "<group>"; };
		40C0527F2758466700C1930A /* Info.plist */ = {isa = PBXFileReference; lastKnownFileType = text.plist.xml; path = Info.plist; sourceTree = "<group>"; };
		867B333C3DB73715548EBA2B /* Pods-TestSnapKitAndRxSwift.debug.xcconfig */ = {isa = PBXFileReference; includeInIndex = 1; lastKnownFileType = text.xcconfig; name = "Pods-TestSnapKitAndRxSwift.debug.xcconfig"; path = "Target Support Files/Pods-TestSnapKitAndRxSwift/Pods-TestSnapKitAndRxSwift.debug.xcconfig"; sourceTree = "<group>"; };
		F97BD72CD56578A42089D680 /* Pods_TestSnapKitAndRxSwift.framework */ = {isa = PBXFileReference; explicitFileType = wrapper.framework; includeInIndex = 0; path = Pods_TestSnapKitAndRxSwift.framework; sourceTree = BUILT_PRODUCTS_DIR; };
/* End PBXFileReference section */

/* Begin PBXFrameworksBuildPhase section */
		40C0526B2758466500C1930A /* Frameworks */ = {
			isa = PBXFrameworksBuildPhase;
			buildActionMask = 2147483647;
			files = (
				840F5D6C48678BB8D5C4E3F5 /* Pods_TestSnapKitAndRxSwift.framework in Frameworks */,
			);
			runOnlyForDeploymentPostprocessing = 0;
		};
/* End PBXFrameworksBuildPhase section */

/* Begin PBXGroup section */
		400735D9275C246800770F18 /* Sign in */ = {
			isa = PBXGroup;
			children = (
				400735D5275C245C00770F18 /* SignInViewController.swift */,
				400735D7275C246500770F18 /* SignInViewModel.swift */,
			);
			path = "Sign in";
			sourceTree = "<group>";
		};
		400735DA275C247700770F18 /* Main */ = {
			isa = PBXGroup;
			children = (
				40C052752758466500C1930A /* MainViewController.swift */,
				401D53C9275B1122006B5458 /* MainViewModel.swift */,
				40C052772758466500C1930A /* Main.storyboard */,
			);
			path = Main;
			sourceTree = "<group>";
		};
		40C052652758466500C1930A = {
			isa = PBXGroup;
			children = (
				40C052702758466500C1930A /* TestSnapKitAndRxSwift */,
				40C0526F2758466500C1930A /* Products */,
				EF2D72D6BCFF5BE289A8E822 /* Pods */,
				5C451117031E55E0197B77A1 /* Frameworks */,
			);
			sourceTree = "<group>";
		};
		40C0526F2758466500C1930A /* Products */ = {
			isa = PBXGroup;
			children = (
				40C0526E2758466500C1930A /* TestSnapKitAndRxSwift.app */,
			);
			name = Products;
			sourceTree = "<group>";
		};
		40C052702758466500C1930A /* TestSnapKitAndRxSwift */ = {
			isa = PBXGroup;
			children = (
				400735DA275C247700770F18 /* Main */,
				400735D9275C246800770F18 /* Sign in */,
				40C052712758466500C1930A /* AppDelegate.swift */,
				400735DB275C2EB200770F18 /* Colors.swift */,
				400735DD275C388600770F18 /* keyboardHeightObservable.swift */,
				40C052732758466500C1930A /* SceneDelegate.swift */,
				40C0527A2758466700C1930A /* Assets.xcassets */,
				40C0527C2758466700C1930A /* LaunchScreen.storyboard */,
				40C0527F2758466700C1930A /* Info.plist */,
			);
			path = TestSnapKitAndRxSwift;
			sourceTree = "<group>";
		};
		5C451117031E55E0197B77A1 /* Frameworks */ = {
			isa = PBXGroup;
			children = (
				F97BD72CD56578A42089D680 /* Pods_TestSnapKitAndRxSwift.framework */,
			);
			name = Frameworks;
			sourceTree = "<group>";
		};
		EF2D72D6BCFF5BE289A8E822 /* Pods */ = {
			isa = PBXGroup;
			children = (
				867B333C3DB73715548EBA2B /* Pods-TestSnapKitAndRxSwift.debug.xcconfig */,
				048A7E0858642FF674D72F45 /* Pods-TestSnapKitAndRxSwift.release.xcconfig */,
			);
			path = Pods;
			sourceTree = "<group>";
		};
/* End PBXGroup section */

/* Begin PBXNativeTarget section */
		40C0526D2758466500C1930A /* TestSnapKitAndRxSwift */ = {
			isa = PBXNativeTarget;
			buildConfigurationList = 40C052822758466700C1930A /* Build configuration list for PBXNativeTarget "TestSnapKitAndRxSwift" */;
			buildPhases = (
				FDC378EC8AF6F7D979F29862 /* [CP] Check Pods Manifest.lock */,
				40C0526A2758466500C1930A /* Sources */,
				40C0526B2758466500C1930A /* Frameworks */,
				40C0526C2758466500C1930A /* Resources */,
				C9B76D85F954B943D919C139 /* [CP] Embed Pods Frameworks */,
			);
			buildRules = (
			);
			dependencies = (
			);
			name = TestSnapKitAndRxSwift;
			productName = TestSnapKitAndRxSwift;
			productReference = 40C0526E2758466500C1930A /* TestSnapKitAndRxSwift.app */;
			productType = "com.apple.product-type.application";
		};
/* End PBXNativeTarget section */

/* Begin PBXProject section */
		40C052662758466500C1930A /* Project object */ = {
			isa = PBXProject;
			attributes = {
				BuildIndependentTargetsInParallel = 1;
				LastSwiftUpdateCheck = 1310;
				LastUpgradeCheck = 1310;
				TargetAttributes = {
					40C0526D2758466500C1930A = {
						CreatedOnToolsVersion = 13.1;
					};
				};
			};
			buildConfigurationList = 40C052692758466500C1930A /* Build configuration list for PBXProject "TestSnapKitAndRxSwift" */;
			compatibilityVersion = "Xcode 13.0";
			developmentRegion = en;
			hasScannedForEncodings = 0;
			knownRegions = (
				en,
				Base,
			);
			mainGroup = 40C052652758466500C1930A;
			productRefGroup = 40C0526F2758466500C1930A /* Products */;
			projectDirPath = "";
			projectRoot = "";
			targets = (
				40C0526D2758466500C1930A /* TestSnapKitAndRxSwift */,
			);
		};
/* End PBXProject section */

/* Begin PBXResourcesBuildPhase section */
		40C0526C2758466500C1930A /* Resources */ = {
			isa = PBXResourcesBuildPhase;
			buildActionMask = 2147483647;
			files = (
				40C0527E2758466700C1930A /* LaunchScreen.storyboard in Resources */,
				40C0527B2758466700C1930A /* Assets.xcassets in Resources */,
				40C052792758466500C1930A /* Main.storyboard in Resources */,
			);
			runOnlyForDeploymentPostprocessing = 0;
		};
/* End PBXResourcesBuildPhase section */

/* Begin PBXShellScriptBuildPhase section */
		C9B76D85F954B943D919C139 /* [CP] Embed Pods Frameworks */ = {
			isa = PBXShellScriptBuildPhase;
			buildActionMask = 2147483647;
			files = (
			);
			inputFileListPaths = (
				"${PODS_ROOT}/Target Support Files/Pods-TestSnapKitAndRxSwift/Pods-TestSnapKitAndRxSwift-frameworks-${CONFIGURATION}-input-files.xcfilelist",
			);
			name = "[CP] Embed Pods Frameworks";
			outputFileListPaths = (
				"${PODS_ROOT}/Target Support Files/Pods-TestSnapKitAndRxSwift/Pods-TestSnapKitAndRxSwift-frameworks-${CONFIGURATION}-output-files.xcfilelist",
			);
			runOnlyForDeploymentPostprocessing = 0;
			shellPath = /bin/sh;
			shellScript = "\"${PODS_ROOT}/Target Support Files/Pods-TestSnapKitAndRxSwift/Pods-TestSnapKitAndRxSwift-frameworks.sh\"\n";
			showEnvVarsInLog = 0;
		};
		FDC378EC8AF6F7D979F29862 /* [CP] Check Pods Manifest.lock */ = {
			isa = PBXShellScriptBuildPhase;
			buildActionMask = 2147483647;
			files = (
			);
			inputFileListPaths = (
			);
			inputPaths = (
				"${PODS_PODFILE_DIR_PATH}/Podfile.lock",
				"${PODS_ROOT}/Manifest.lock",
			);
			name = "[CP] Check Pods Manifest.lock";
			outputFileListPaths = (
			);
			outputPaths = (
				"$(DERIVED_FILE_DIR)/Pods-TestSnapKitAndRxSwift-checkManifestLockResult.txt",
			);
			runOnlyForDeploymentPostprocessing = 0;
			shellPath = /bin/sh;
			shellScript = "diff \"${PODS_PODFILE_DIR_PATH}/Podfile.lock\" \"${PODS_ROOT}/Manifest.lock\" > /dev/null\nif [ $? != 0 ] ; then\n    # print error to STDERR\n    echo \"error: The sandbox is not in sync with the Podfile.lock. Run 'pod install' or update your CocoaPods installation.\" >&2\n    exit 1\nfi\n# This output is used by Xcode 'outputs' to avoid re-running this script phase.\necho \"SUCCESS\" > \"${SCRIPT_OUTPUT_FILE_0}\"\n";
			showEnvVarsInLog = 0;
		};
/* End PBXShellScriptBuildPhase section */

/* Begin PBXSourcesBuildPhase section */
		40C0526A2758466500C1930A /* Sources */ = {
			isa = PBXSourcesBuildPhase;
			buildActionMask = 2147483647;
			files = (
				400735DE275C388600770F18 /* keyboardHeightObservable.swift in Sources */,
				40C052762758466500C1930A /* MainViewController.swift in Sources */,
				40C052722758466500C1930A /* AppDelegate.swift in Sources */,
				400735D8275C246500770F18 /* SignInViewModel.swift in Sources */,
				400735DC275C2EB200770F18 /* Colors.swift in Sources */,
				401D53CA275B1122006B5458 /* MainViewModel.swift in Sources */,
				400735D6275C245C00770F18 /* SignInViewController.swift in Sources */,
				40C052742758466500C1930A /* SceneDelegate.swift in Sources */,
			);
			runOnlyForDeploymentPostprocessing = 0;
		};
/* End PBXSourcesBuildPhase section */

/* Begin PBXVariantGroup section */
		40C052772758466500C1930A /* Main.storyboard */ = {
			isa = PBXVariantGroup;
			children = (
				40C052782758466500C1930A /* Base */,
			);
			name = Main.storyboard;
			sourceTree = "<group>";
		};
		40C0527C2758466700C1930A /* LaunchScreen.storyboard */ = {
			isa = PBXVariantGroup;
			children = (
				40C0527D2758466700C1930A /* Base */,
			);
			name = LaunchScreen.storyboard;
			sourceTree = "<group>";
		};
/* End PBXVariantGroup section */

/* Begin XCBuildConfiguration section */
		40C052802758466700C1930A /* Debug */ = {
			isa = XCBuildConfiguration;
			buildSettings = {
				ALWAYS_SEARCH_USER_PATHS = NO;
				CLANG_ANALYZER_NONNULL = YES;
				CLANG_ANALYZER_NUMBER_OBJECT_CONVERSION = YES_AGGRESSIVE;
				CLANG_CXX_LANGUAGE_STANDARD = "gnu++17";
				CLANG_CXX_LIBRARY = "libc++";
				CLANG_ENABLE_MODULES = YES;
				CLANG_ENABLE_OBJC_ARC = YES;
				CLANG_ENABLE_OBJC_WEAK = YES;
				CLANG_WARN_BLOCK_CAPTURE_AUTORELEASING = YES;
				CLANG_WARN_BOOL_CONVERSION = YES;
				CLANG_WARN_COMMA = YES;
				CLANG_WARN_CONSTANT_CONVERSION = YES;
				CLANG_WARN_DEPRECATED_OBJC_IMPLEMENTATIONS = YES;
				CLANG_WARN_DIRECT_OBJC_ISA_USAGE = YES_ERROR;
				CLANG_WARN_DOCUMENTATION_COMMENTS = YES;
				CLANG_WARN_EMPTY_BODY = YES;
				CLANG_WARN_ENUM_CONVERSION = YES;
				CLANG_WARN_INFINITE_RECURSION = YES;
				CLANG_WARN_INT_CONVERSION = YES;
				CLANG_WARN_NON_LITERAL_NULL_CONVERSION = YES;
				CLANG_WARN_OBJC_IMPLICIT_RETAIN_SELF = YES;
				CLANG_WARN_OBJC_LITERAL_CONVERSION = YES;
				CLANG_WARN_OBJC_ROOT_CLASS = YES_ERROR;
				CLANG_WARN_QUOTED_INCLUDE_IN_FRAMEWORK_HEADER = YES;
				CLANG_WARN_RANGE_LOOP_ANALYSIS = YES;
				CLANG_WARN_STRICT_PROTOTYPES = YES;
				CLANG_WARN_SUSPICIOUS_MOVE = YES;
				CLANG_WARN_UNGUARDED_AVAILABILITY = YES_AGGRESSIVE;
				CLANG_WARN_UNREACHABLE_CODE = YES;
				CLANG_WARN__DUPLICATE_METHOD_MATCH = YES;
				COPY_PHASE_STRIP = NO;
				DEBUG_INFORMATION_FORMAT = dwarf;
				ENABLE_STRICT_OBJC_MSGSEND = YES;
				ENABLE_TESTABILITY = YES;
				GCC_C_LANGUAGE_STANDARD = gnu11;
				GCC_DYNAMIC_NO_PIC = NO;
				GCC_NO_COMMON_BLOCKS = YES;
				GCC_OPTIMIZATION_LEVEL = 0;
				GCC_PREPROCESSOR_DEFINITIONS = (
					"DEBUG=1",
					"$(inherited)",
				);
				GCC_WARN_64_TO_32_BIT_CONVERSION = YES;
				GCC_WARN_ABOUT_RETURN_TYPE = YES_ERROR;
				GCC_WARN_UNDECLARED_SELECTOR = YES;
				GCC_WARN_UNINITIALIZED_AUTOS = YES_AGGRESSIVE;
				GCC_WARN_UNUSED_FUNCTION = YES;
				GCC_WARN_UNUSED_VARIABLE = YES;
				IPHONEOS_DEPLOYMENT_TARGET = 13.6;
				MTL_ENABLE_DEBUG_INFO = INCLUDE_SOURCE;
				MTL_FAST_MATH = YES;
				ONLY_ACTIVE_ARCH = YES;
				SDKROOT = iphoneos;
				SWIFT_ACTIVE_COMPILATION_CONDITIONS = DEBUG;
				SWIFT_OPTIMIZATION_LEVEL = "-Onone";
			};
			name = Debug;
		};
		40C052812758466700C1930A /* Release */ = {
			isa = XCBuildConfiguration;
			buildSettings = {
				ALWAYS_SEARCH_USER_PATHS = NO;
				CLANG_ANALYZER_NONNULL = YES;
				CLANG_ANALYZER_NUMBER_OBJECT_CONVERSION = YES_AGGRESSIVE;
				CLANG_CXX_LANGUAGE_STANDARD = "gnu++17";
				CLANG_CXX_LIBRARY = "libc++";
				CLANG_ENABLE_MODULES = YES;
				CLANG_ENABLE_OBJC_ARC = YES;
				CLANG_ENABLE_OBJC_WEAK = YES;
				CLANG_WARN_BLOCK_CAPTURE_AUTORELEASING = YES;
				CLANG_WARN_BOOL_CONVERSION = YES;
				CLANG_WARN_COMMA = YES;
				CLANG_WARN_CONSTANT_CONVERSION = YES;
				CLANG_WARN_DEPRECATED_OBJC_IMPLEMENTATIONS = YES;
				CLANG_WARN_DIRECT_OBJC_ISA_USAGE = YES_ERROR;
				CLANG_WARN_DOCUMENTATION_COMMENTS = YES;
				CLANG_WARN_EMPTY_BODY = YES;
				CLANG_WARN_ENUM_CONVERSION = YES;
				CLANG_WARN_INFINITE_RECURSION = YES;
				CLANG_WARN_INT_CONVERSION = YES;
				CLANG_WARN_NON_LITERAL_NULL_CONVERSION = YES;
				CLANG_WARN_OBJC_IMPLICIT_RETAIN_SELF = YES;
				CLANG_WARN_OBJC_LITERAL_CONVERSION = YES;
				CLANG_WARN_OBJC_ROOT_CLASS = YES_ERROR;
				CLANG_WARN_QUOTED_INCLUDE_IN_FRAMEWORK_HEADER = YES;
				CLANG_WARN_RANGE_LOOP_ANALYSIS = YES;
				CLANG_WARN_STRICT_PROTOTYPES = YES;
				CLANG_WARN_SUSPICIOUS_MOVE = YES;
				CLANG_WARN_UNGUARDED_AVAILABILITY = YES_AGGRESSIVE;
				CLANG_WARN_UNREACHABLE_CODE = YES;
				CLANG_WARN__DUPLICATE_METHOD_MATCH = YES;
				COPY_PHASE_STRIP = NO;
				DEBUG_INFORMATION_FORMAT = "dwarf-with-dsym";
				ENABLE_NS_ASSERTIONS = NO;
				ENABLE_STRICT_OBJC_MSGSEND = YES;
				GCC_C_LANGUAGE_STANDARD = gnu11;
				GCC_NO_COMMON_BLOCKS = YES;
				GCC_WARN_64_TO_32_BIT_CONVERSION = YES;
				GCC_WARN_ABOUT_RETURN_TYPE = YES_ERROR;
				GCC_WARN_UNDECLARED_SELECTOR = YES;
				GCC_WARN_UNINITIALIZED_AUTOS = YES_AGGRESSIVE;
				GCC_WARN_UNUSED_FUNCTION = YES;
				GCC_WARN_UNUSED_VARIABLE = YES;
				IPHONEOS_DEPLOYMENT_TARGET = 13.6;
				MTL_ENABLE_DEBUG_INFO = NO;
				MTL_FAST_MATH = YES;
				SDKROOT = iphoneos;
				SWIFT_COMPILATION_MODE = wholemodule;
				SWIFT_OPTIMIZATION_LEVEL = "-O";
				VALIDATE_PRODUCT = YES;
			};
			name = Release;
		};
		40C052832758466700C1930A /* Debug */ = {
			isa = XCBuildConfiguration;
			baseConfigurationReference = 867B333C3DB73715548EBA2B /* Pods-TestSnapKitAndRxSwift.debug.xcconfig */;
			buildSettings = {
				ASSETCATALOG_COMPILER_APPICON_NAME = AppIcon;
				ASSETCATALOG_COMPILER_GLOBAL_ACCENT_COLOR_NAME = AccentColor;
				CODE_SIGN_STYLE = Automatic;
				CURRENT_PROJECT_VERSION = 1;
				DEVELOPMENT_TEAM = X9YKGG45V3;
				GENERATE_INFOPLIST_FILE = YES;
				INFOPLIST_FILE = TestSnapKitAndRxSwift/Info.plist;
				INFOPLIST_KEY_UIApplicationSupportsIndirectInputEvents = YES;
				INFOPLIST_KEY_UILaunchStoryboardName = LaunchScreen;
				INFOPLIST_KEY_UIMainStoryboardFile = Main;
				INFOPLIST_KEY_UISupportedInterfaceOrientations_iPad = "UIInterfaceOrientationPortrait UIInterfaceOrientationPortraitUpsideDown UIInterfaceOrientationLandscapeLeft UIInterfaceOrientationLandscapeRight";
				INFOPLIST_KEY_UISupportedInterfaceOrientations_iPhone = "UIInterfaceOrientationPortrait UIInterfaceOrientationLandscapeLeft UIInterfaceOrientationLandscapeRight";
				LD_RUNPATH_SEARCH_PATHS = (
					"$(inherited)",
					"@executable_path/Frameworks",
				);
				MARKETING_VERSION = 1.0;
				PRODUCT_BUNDLE_IDENTIFIER = bx.TestSnapKitAndRxSwift;
				PRODUCT_NAME = "$(TARGET_NAME)";
				SWIFT_EMIT_LOC_STRINGS = YES;
				SWIFT_VERSION = 5.0;
				TARGETED_DEVICE_FAMILY = "1,2";
			};
			name = Debug;
		};
		40C052842758466700C1930A /* Release */ = {
			isa = XCBuildConfiguration;
			baseConfigurationReference = 048A7E0858642FF674D72F45 /* Pods-TestSnapKitAndRxSwift.release.xcconfig */;
			buildSettings = {
				ASSETCATALOG_COMPILER_APPICON_NAME = AppIcon;
				ASSETCATALOG_COMPILER_GLOBAL_ACCENT_COLOR_NAME = AccentColor;
				CODE_SIGN_STYLE = Automatic;
				CURRENT_PROJECT_VERSION = 1;
				DEVELOPMENT_TEAM = X9YKGG45V3;
				GENERATE_INFOPLIST_FILE = YES;
				INFOPLIST_FILE = TestSnapKitAndRxSwift/Info.plist;
				INFOPLIST_KEY_UIApplicationSupportsIndirectInputEvents = YES;
				INFOPLIST_KEY_UILaunchStoryboardName = LaunchScreen;
				INFOPLIST_KEY_UIMainStoryboardFile = Main;
				INFOPLIST_KEY_UISupportedInterfaceOrientations_iPad = "UIInterfaceOrientationPortrait UIInterfaceOrientationPortraitUpsideDown UIInterfaceOrientationLandscapeLeft UIInterfaceOrientationLandscapeRight";
				INFOPLIST_KEY_UISupportedInterfaceOrientations_iPhone = "UIInterfaceOrientationPortrait UIInterfaceOrientationLandscapeLeft UIInterfaceOrientationLandscapeRight";
				LD_RUNPATH_SEARCH_PATHS = (
					"$(inherited)",
					"@executable_path/Frameworks",
				);
				MARKETING_VERSION = 1.0;
				PRODUCT_BUNDLE_IDENTIFIER = bx.TestSnapKitAndRxSwift;
				PRODUCT_NAME = "$(TARGET_NAME)";
				SWIFT_EMIT_LOC_STRINGS = YES;
				SWIFT_VERSION = 5.0;
				TARGETED_DEVICE_FAMILY = "1,2";
			};
			name = Release;
		};
/* End XCBuildConfiguration section */

/* Begin XCConfigurationList section */
		40C052692758466500C1930A /* Build configuration list for PBXProject "TestSnapKitAndRxSwift" */ = {
			isa = XCConfigurationList;
			buildConfigurations = (
				40C052802758466700C1930A /* Debug */,
				40C052812758466700C1930A /* Release */,
			);
			defaultConfigurationIsVisible = 0;
			defaultConfigurationName = Release;
		};
		40C052822758466700C1930A /* Build configuration list for PBXNativeTarget "TestSnapKitAndRxSwift" */ = {
			isa = XCConfigurationList;
			buildConfigurations = (
				40C052832758466700C1930A /* Debug */,
				40C052842758466700C1930A /* Release */,
			);
			defaultConfigurationIsVisible = 0;
			defaultConfigurationName = Release;
		};
/* End XCConfigurationList section */
	};
	rootObject = 40C052662758466500C1930A /* Project object */;
}
